
Microsoft Visual Studio Solution File, Format Version 12.00
# Visual Studio Version 17
VisualStudioVersion = 17.10.35013.160
MinimumVisualStudioVersion = 10.0.40219.1
Project("{FAE04EC0-301F-11D3-BF4B-00C04F79EFBC}") = "xRootServices", "xRootServices.csproj", "{C91DE685-CE79-415A-9EE3-3E5481FCB9B5}"
EndProject
Project("{FAE04EC0-301F-11D3-BF4B-00C04F79EFBC}") = "TestProj", "..\TestProj\TestProj.csproj", "{3CC8D619-B15E-4ACA-8CCF-E7F59716A612}"
EndProject
Global
	GlobalSection(SolutionConfigurationPlatforms) = preSolution
		Debug|Any CPU = Debug|Any CPU
		Release|Any CPU = Release|Any CPU
	EndGlobalSection
	GlobalSection(ProjectConfigurationPlatforms) = postSolution
		{C91DE685-CE79-415A-9EE3-3E5481FCB9B5}.Debug|Any CPU.ActiveCfg = Debug|Any CPU
		{C91DE685-CE79-415A-9EE3-3E5481FCB9B5}.Debug|Any CPU.Build.0 = Debug|Any CPU
		{C91DE685-CE79-415A-9EE3-3E5481FCB9B5}.Release|Any CPU.ActiveCfg = Release|Any CPU
		{C91DE685-CE79-415A-9EE3-3E5481FCB9B5}.Release|Any CPU.Build.0 = Release|Any CPU
		{3CC8D619-B15E-4ACA-8CCF-E7F59716A612}.Debug|Any CPU.ActiveCfg = Debug|Any CPU
		{3CC8D619-B15E-4ACA-8CCF-E7F59716A612}.Debug|Any CPU.Build.0 = Debug|Any CPU
		{3CC8D619-B15E-4ACA-8CCF-E7F59716A612}.Release|Any CPU.ActiveCfg = Release|Any CPU
		{3CC8D619-B15E-4ACA-8CCF-E7F59716A612}.Release|Any CPU.Build.0 = Release|Any CPU
	EndGlobalSection
	GlobalSection(SolutionProperties) = preSolution
		HideSolutionNode = FALSE
	EndGlobalSection
	GlobalSection(ExtensibilityGlobals) = postSolution
		SolutionGuid = {617451A0-F0E2-483C-A2FD-1C24E65394D9}
	EndGlobalSection
EndGlobal
